
Microsoft Visual Studio Solution File, Format Version 12.00
# Visual Studio Version 16
VisualStudioVersion = 16.0.28803.452
MinimumVisualStudioVersion = 10.0.40219.1
Project("{FAE04EC0-301F-11D3-BF4B-00C04F79EFBC}") = "ImplictGrant", "ImplictGrant\ImplictGrant.csproj", "{75D71A3A-35F6-4E0D-986C-36317B279BD8}"
EndProject
Global
	GlobalSection(SolutionConfigurationPlatforms) = preSolution
		Debug|Any CPU = Debug|Any CPU
		Release|Any CPU = Release|Any CPU
	EndGlobalSection
	GlobalSection(ProjectConfigurationPlatforms) = postSolution
		{75D71A3A-35F6-4E0D-986C-36317B279BD8}.Debug|Any CPU.ActiveCfg = Debug|Any CPU
		{75D71A3A-35F6-4E0D-986C-36317B279BD8}.Debug|Any CPU.Build.0 = Debug|Any CPU
		{75D71A3A-35F6-4E0D-986C-36317B279BD8}.Release|Any CPU.ActiveCfg = Release|Any CPU
		{75D71A3A-35F6-4E0D-986C-36317B279BD8}.Release|Any CPU.Build.0 = Release|Any CPU
	EndGlobalSection
	GlobalSection(SolutionProperties) = preSolution
		HideSolutionNode = FALSE
	EndGlobalSection
	GlobalSection(ExtensibilityGlobals) = postSolution
		SolutionGuid = {6A07ACBA-65BB-4E45-ADAD-E741E4515328}
	EndGlobalSection
EndGlobal
